
Microsoft Visual Studio Solution File, Format Version 12.00
# Visual Studio Version 16
VisualStudioVersion = 16.0.808.3
MinimumVisualStudioVersion = 10.0.40219.1
Project("{FAE04EC0-301F-11D3-BF4B-00C04F79EFBC}") = "SwitchStatementsExercise", "SwitchStatementsExercise\SwitchStatementsExercise.csproj", "{6F48DD2E-368A-476B-A99E-59B7B877686B}"
EndProject
Global
	GlobalSection(SolutionConfigurationPlatforms) = preSolution
		Debug|Any CPU = Debug|Any CPU
		Release|Any CPU = Release|Any CPU
	EndGlobalSection
	GlobalSection(ProjectConfigurationPlatforms) = postSolution
		{6F48DD2E-368A-476B-A99E-59B7B877686B}.Debug|Any CPU.ActiveCfg = Debug|Any CPU
		{6F48DD2E-368A-476B-A99E-59B7B877686B}.Debug|Any CPU.Build.0 = Debug|Any CPU
		{6F48DD2E-368A-476B-A99E-59B7B877686B}.Release|Any CPU.ActiveCfg = Release|Any CPU
		{6F48DD2E-368A-476B-A99E-59B7B877686B}.Release|Any CPU.Build.0 = Release|Any CPU
	EndGlobalSection
	GlobalSection(SolutionProperties) = preSolution
		HideSolutionNode = FALSE
	EndGlobalSection
	GlobalSection(ExtensibilityGlobals) = postSolution
		SolutionGuid = {8D34DC3B-D57D-4DAB-9789-0F7838C36457}
	EndGlobalSection
EndGlobal
